
Microsoft Visual Studio Solution File, Format Version 12.00
# Visual Studio Version 17
VisualStudioVersion = 17.8.34525.116
MinimumVisualStudioVersion = 10.0.40219.1
Project("{9A19103F-16F7-4668-BE54-9A1E7A4F7556}") = "RoyalDeckMaker", "RoyalDeckMaker\RoyalDeckMaker.csproj", "{0D22DFE2-7066-4216-B1B7-D40B8296D633}"
EndProject
Project("{2150E333-8FDC-42A3-9474-1A3956D46DE8}") = "方案項目", "方案項目", "{4B916715-42D8-44A8-AA03-C9D172A977E8}"
EndProject
Global
	GlobalSection(SolutionConfigurationPlatforms) = preSolution
		Debug|Any CPU = Debug|Any CPU
		Release|Any CPU = Release|Any CPU
	EndGlobalSection
	GlobalSection(ProjectConfigurationPlatforms) = postSolution
		{0D22DFE2-7066-4216-B1B7-D40B8296D633}.Debug|Any CPU.ActiveCfg = Debug|Any CPU
		{0D22DFE2-7066-4216-B1B7-D40B8296D633}.Debug|Any CPU.Build.0 = Debug|Any CPU
		{0D22DFE2-7066-4216-B1B7-D40B8296D633}.Release|Any CPU.ActiveCfg = Release|Any CPU
		{0D22DFE2-7066-4216-B1B7-D40B8296D633}.Release|Any CPU.Build.0 = Release|Any CPU
	EndGlobalSection
	GlobalSection(SolutionProperties) = preSolution
		HideSolutionNode = FALSE
	EndGlobalSection
	GlobalSection(ExtensibilityGlobals) = postSolution
		SolutionGuid = {D92AE0FD-3ECC-4824-8A0A-0E88DD2610B6}
	EndGlobalSection
EndGlobal
